
Microsoft Visual Studio Solution File, Format Version 11.00
# Visual Studio 2010
Project("{FAE04EC0-301F-11D3-BF4B-00C04F79EFBC}") = "Assembly-CSharp", "Assembly-CSharp.csproj", "{D0CFF263-D2EC-9BFB-531A-C34D64603B19}"
EndProject
Project("{FAE04EC0-301F-11D3-BF4B-00C04F79EFBC}") = "Assembly-CSharp-firstpass", "Assembly-CSharp-firstpass.csproj", "{2382AF31-3D6E-6C5C-4BC6-77FE5B43BFA9}"
EndProject
Project("{FAE04EC0-301F-11D3-BF4B-00C04F79EFBC}") = "Assembly-CSharp-Editor-firstpass", "Assembly-CSharp-Editor-firstpass.csproj", "{6940AA62-DC4E-AE76-FE09-9707F155C31C}"
EndProject
Global
	GlobalSection(SolutionConfigurationPlatforms) = preSolution
		Debug|Any CPU = Debug|Any CPU
		Release|Any CPU = Release|Any CPU
	EndGlobalSection
	GlobalSection(ProjectConfigurationPlatforms) = postSolution
		{D0CFF263-D2EC-9BFB-531A-C34D64603B19}.Debug|Any CPU.ActiveCfg = Debug|Any CPU
		{D0CFF263-D2EC-9BFB-531A-C34D64603B19}.Debug|Any CPU.Build.0 = Debug|Any CPU
		{D0CFF263-D2EC-9BFB-531A-C34D64603B19}.Release|Any CPU.ActiveCfg = Release|Any CPU
		{D0CFF263-D2EC-9BFB-531A-C34D64603B19}.Release|Any CPU.Build.0 = Release|Any CPU
		{2382AF31-3D6E-6C5C-4BC6-77FE5B43BFA9}.Debug|Any CPU.ActiveCfg = Debug|Any CPU
		{2382AF31-3D6E-6C5C-4BC6-77FE5B43BFA9}.Debug|Any CPU.Build.0 = Debug|Any CPU
		{2382AF31-3D6E-6C5C-4BC6-77FE5B43BFA9}.Release|Any CPU.ActiveCfg = Release|Any CPU
		{2382AF31-3D6E-6C5C-4BC6-77FE5B43BFA9}.Release|Any CPU.Build.0 = Release|Any CPU
		{6940AA62-DC4E-AE76-FE09-9707F155C31C}.Debug|Any CPU.ActiveCfg = Debug|Any CPU
		{6940AA62-DC4E-AE76-FE09-9707F155C31C}.Debug|Any CPU.Build.0 = Debug|Any CPU
		{6940AA62-DC4E-AE76-FE09-9707F155C31C}.Release|Any CPU.ActiveCfg = Release|Any CPU
		{6940AA62-DC4E-AE76-FE09-9707F155C31C}.Release|Any CPU.Build.0 = Release|Any CPU
	EndGlobalSection
	GlobalSection(SolutionProperties) = preSolution
		HideSolutionNode = FALSE
	EndGlobalSection
EndGlobal
